// !$*UTF8*$!
{
	archiveVersion = 1;
	classes = {
	};
	objectVersion = 50;
	objects = {

/* Begin PBXBuildFile section */
		940B671F22DC59B7002E4D0B /* AppDelegate.swift in Sources */ = {isa = PBXBuildFile; fileRef = 940B671E22DC59B7002E4D0B /* AppDelegate.swift */; };
		940B672422DC59B7002E4D0B /* Main.storyboard in Resources */ = {isa = PBXBuildFile; fileRef = 940B672222DC59B7002E4D0B /* Main.storyboard */; };
		940B672622DC59B8002E4D0B /* Assets.xcassets in Resources */ = {isa = PBXBuildFile; fileRef = 940B672522DC59B8002E4D0B /* Assets.xcassets */; };
		940B672922DC59B8002E4D0B /* LaunchScreen.storyboard in Resources */ = {isa = PBXBuildFile; fileRef = 940B672722DC59B8002E4D0B /* LaunchScreen.storyboard */; };
		940B673222DC5C0E002E4D0B /* OrdersTableViewController.swift in Sources */ = {isa = PBXBuildFile; fileRef = 940B673122DC5C0E002E4D0B /* OrdersTableViewController.swift */; };
		940B673422DC5CA7002E4D0B /* AddOrderViewController.swift in Sources */ = {isa = PBXBuildFile; fileRef = 940B673322DC5CA7002E4D0B /* AddOrderViewController.swift */; };
		940B673722DC7962002E4D0B /* WebService.swift in Sources */ = {isa = PBXBuildFile; fileRef = 940B673622DC7962002E4D0B /* WebService.swift */; };
/* End PBXBuildFile section */

/* Begin PBXFileReference section */
		940B671B22DC59B7002E4D0B /* SandiCoffee.app */ = {isa = PBXFileReference; explicitFileType = wrapper.application; includeInIndex = 0; path = SandiCoffee.app; sourceTree = BUILT_PRODUCTS_DIR; };
		940B671E22DC59B7002E4D0B /* AppDelegate.swift */ = {isa = PBXFileReference; lastKnownFileType = sourcecode.swift; path = AppDelegate.swift; sourceTree = "<group>"; };
		940B672322DC59B7002E4D0B /* Base */ = {isa = PBXFileReference; lastKnownFileType = file.storyboard; name = Base; path = Base.lproj/Main.storyboard; sourceTree = "<group>"; };
		940B672522DC59B8002E4D0B /* Assets.xcassets */ = {isa = PBXFileReference; lastKnownFileType = folder.assetcatalog; path = Assets.xcassets; sourceTree = "<group>"; };
		940B672822DC59B8002E4D0B /* Base */ = {isa = PBXFileReference; lastKnownFileType = file.storyboard; name = Base; path = Base.lproj/LaunchScreen.storyboard; sourceTree = "<group>"; };
		940B672A22DC59B8002E4D0B /* Info.plist */ = {isa = PBXFileReference; lastKnownFileType = text.plist.xml; path = Info.plist; sourceTree = "<group>"; };
		940B673122DC5C0E002E4D0B /* OrdersTableViewController.swift */ = {isa = PBXFileReference; lastKnownFileType = sourcecode.swift; path = OrdersTableViewController.swift; sourceTree = "<group>"; };
		940B673322DC5CA7002E4D0B /* AddOrderViewController.swift */ = {isa = PBXFileReference; lastKnownFileType = sourcecode.swift; path = AddOrderViewController.swift; sourceTree = "<group>"; };
		940B673622DC7962002E4D0B /* WebService.swift */ = {isa = PBXFileReference; lastKnownFileType = sourcecode.swift; path = WebService.swift; sourceTree = "<group>"; };
/* End PBXFileReference section */

/* Begin PBXFrameworksBuildPhase section */
		940B671822DC59B7002E4D0B /* Frameworks */ = {
			isa = PBXFrameworksBuildPhase;
			buildActionMask = 2147483647;
			files = (
			);
			runOnlyForDeploymentPostprocessing = 0;
		};
/* End PBXFrameworksBuildPhase section */

/* Begin PBXGroup section */
		940B671222DC59B7002E4D0B = {
			isa = PBXGroup;
			children = (
				940B671D22DC59B7002E4D0B /* SandiCoffee */,
				940B671C22DC59B7002E4D0B /* Products */,
			);
			sourceTree = "<group>";
		};
		940B671C22DC59B7002E4D0B /* Products */ = {
			isa = PBXGroup;
			children = (
				940B671B22DC59B7002E4D0B /* SandiCoffee.app */,
			);
			name = Products;
			sourceTree = "<group>";
		};
		940B671D22DC59B7002E4D0B /* SandiCoffee */ = {
			isa = PBXGroup;
			children = (
				940B673522DC7948002E4D0B /* Services */,
				940B673022DC5A6A002E4D0B /* Controllers */,
				940B671E22DC59B7002E4D0B /* AppDelegate.swift */,
				940B672222DC59B7002E4D0B /* Main.storyboard */,
				940B672522DC59B8002E4D0B /* Assets.xcassets */,
				940B672722DC59B8002E4D0B /* LaunchScreen.storyboard */,
				940B672A22DC59B8002E4D0B /* Info.plist */,
			);
			path = SandiCoffee;
			sourceTree = "<group>";
		};
		940B673022DC5A6A002E4D0B /* Controllers */ = {
			isa = PBXGroup;
			children = (
				940B673122DC5C0E002E4D0B /* OrdersTableViewController.swift */,
				940B673322DC5CA7002E4D0B /* AddOrderViewController.swift */,
			);
			path = Controllers;
			sourceTree = "<group>";
		};
		940B673522DC7948002E4D0B /* Services */ = {
			isa = PBXGroup;
			children = (
				940B673622DC7962002E4D0B /* WebService.swift */,
			);
			path = Services;
			sourceTree = "<group>";
		};
/* End PBXGroup section */

/* Begin PBXNativeTarget section */
		940B671A22DC59B7002E4D0B /* SandiCoffee */ = {
			isa = PBXNativeTarget;
			buildConfigurationList = 940B672D22DC59B8002E4D0B /* Build configuration list for PBXNativeTarget "SandiCoffee" */;
			buildPhases = (
				940B671722DC59B7002E4D0B /* Sources */,
				940B671822DC59B7002E4D0B /* Frameworks */,
				940B671922DC59B7002E4D0B /* Resources */,
			);
			buildRules = (
			);
			dependencies = (
			);
			name = SandiCoffee;
			productName = SandiCoffee;
			productReference = 940B671B22DC59B7002E4D0B /* SandiCoffee.app */;
			productType = "com.apple.product-type.application";
		};
/* End PBXNativeTarget section */

/* Begin PBXProject section */
		940B671322DC59B7002E4D0B /* Project object */ = {
			isa = PBXProject;
			attributes = {
				LastSwiftUpdateCheck = 1020;
				LastUpgradeCheck = 1020;
				ORGANIZATIONNAME = "Samuel Lim";
				TargetAttributes = {
					940B671A22DC59B7002E4D0B = {
						CreatedOnToolsVersion = 10.2.1;
					};
				};
			};
			buildConfigurationList = 940B671622DC59B7002E4D0B /* Build configuration list for PBXProject "SandiCoffee" */;
			compatibilityVersion = "Xcode 9.3";
			developmentRegion = en;
			hasScannedForEncodings = 0;
			knownRegions = (
				en,
				Base,
			);
			mainGroup = 940B671222DC59B7002E4D0B;
			productRefGroup = 940B671C22DC59B7002E4D0B /* Products */;
			projectDirPath = "";
			projectRoot = "";
			targets = (
				940B671A22DC59B7002E4D0B /* SandiCoffee */,
			);
		};
/* End PBXProject section */

/* Begin PBXResourcesBuildPhase section */
		940B671922DC59B7002E4D0B /* Resources */ = {
			isa = PBXResourcesBuildPhase;
			buildActionMask = 2147483647;
			files = (
				940B672922DC59B8002E4D0B /* LaunchScreen.storyboard in Resources */,
				940B672622DC59B8002E4D0B /* Assets.xcassets in Resources */,
				940B672422DC59B7002E4D0B /* Main.storyboard in Resources */,
			);
			runOnlyForDeploymentPostprocessing = 0;
		};
/* End PBXResourcesBuildPhase section */

/* Begin PBXSourcesBuildPhase section */
		940B671722DC59B7002E4D0B /* Sources */ = {
			isa = PBXSourcesBuildPhase;
			buildActionMask = 2147483647;
			files = (
				940B673222DC5C0E002E4D0B /* OrdersTableViewController.swift in Sources */,
				940B671F22DC59B7002E4D0B /* AppDelegate.swift in Sources */,
				940B673722DC7962002E4D0B /* WebService.swift in Sources */,
				940B673422DC5CA7002E4D0B /* AddOrderViewController.swift in Sources */,
			);
			runOnlyForDeploymentPostprocessing = 0;
		};
/* End PBXSourcesBuildPhase section */

/* Begin PBXVariantGroup section */
		940B672222DC59B7002E4D0B /* Main.storyboard */ = {
			isa = PBXVariantGroup;
			children = (
				940B672322DC59B7002E4D0B /* Base */,
			);
			name = Main.storyboard;
			sourceTree = "<group>";
		};
		940B672722DC59B8002E4D0B /* LaunchScreen.storyboard */ = {
			isa = PBXVariantGroup;
			children = (
				940B672822DC59B8002E4D0B /* Base */,
			);
			name = LaunchScreen.storyboard;
			sourceTree = "<group>";
		};
/* End PBXVariantGroup section */

/* Begin XCBuildConfiguration section */
		940B672B22DC59B8002E4D0B /* Debug */ = {
			isa = XCBuildConfiguration;
			buildSettings = {
				ALWAYS_SEARCH_USER_PATHS = NO;
				CLANG_ANALYZER_NONNULL = YES;
				CLANG_ANALYZER_NUMBER_OBJECT_CONVERSION = YES_AGGRESSIVE;
				CLANG_CXX_LANGUAGE_STANDARD = "gnu++14";
				CLANG_CXX_LIBRARY = "libc++";
				CLANG_ENABLE_MODULES = YES;
				CLANG_ENABLE_OBJC_ARC = YES;
				CLANG_ENABLE_OBJC_WEAK = YES;
				CLANG_WARN_BLOCK_CAPTURE_AUTORELEASING = YES;
				CLANG_WARN_BOOL_CONVERSION = YES;
				CLANG_WARN_COMMA = YES;
				CLANG_WARN_CONSTANT_CONVERSION = YES;
				CLANG_WARN_DEPRECATED_OBJC_IMPLEMENTATIONS = YES;
				CLANG_WARN_DIRECT_OBJC_ISA_USAGE = YES_ERROR;
				CLANG_WARN_DOCUMENTATION_COMMENTS = YES;
				CLANG_WARN_EMPTY_BODY = YES;
				CLANG_WARN_ENUM_CONVERSION = YES;
				CLANG_WARN_INFINITE_RECURSION = YES;
				CLANG_WARN_INT_CONVERSION = YES;
				CLANG_WARN_NON_LITERAL_NULL_CONVERSION = YES;
				CLANG_WARN_OBJC_IMPLICIT_RETAIN_SELF = YES;
				CLANG_WARN_OBJC_LITERAL_CONVERSION = YES;
				CLANG_WARN_OBJC_ROOT_CLASS = YES_ERROR;
				CLANG_WARN_RANGE_LOOP_ANALYSIS = YES;
				CLANG_WARN_STRICT_PROTOTYPES = YES;
				CLANG_WARN_SUSPICIOUS_MOVE = YES;
				CLANG_WARN_UNGUARDED_AVAILABILITY = YES_AGGRESSIVE;
				CLANG_WARN_UNREACHABLE_CODE = YES;
				CLANG_WARN__DUPLICATE_METHOD_MATCH = YES;
				CODE_SIGN_IDENTITY = "iPhone Developer";
				COPY_PHASE_STRIP = NO;
				DEBUG_INFORMATION_FORMAT = dwarf;
				ENABLE_STRICT_OBJC_MSGSEND = YES;
				ENABLE_TESTABILITY = YES;
				GCC_C_LANGUAGE_STANDARD = gnu11;
				GCC_DYNAMIC_NO_PIC = NO;
				GCC_NO_COMMON_BLOCKS = YES;
				GCC_OPTIMIZATION_LEVEL = 0;
				GCC_PREPROCESSOR_DEFINITIONS = (
					"DEBUG=1",
					"$(inherited)",
				);
				GCC_WARN_64_TO_32_BIT_CONVERSION = YES;
				GCC_WARN_ABOUT_RETURN_TYPE = YES_ERROR;
				GCC_WARN_UNDECLARED_SELECTOR = YES;
				GCC_WARN_UNINITIALIZED_AUTOS = YES_AGGRESSIVE;
				GCC_WARN_UNUSED_FUNCTION = YES;
				GCC_WARN_UNUSED_VARIABLE = YES;
				IPHONEOS_DEPLOYMENT_TARGET = 12.2;
				MTL_ENABLE_DEBUG_INFO = INCLUDE_SOURCE;
				MTL_FAST_MATH = YES;
				ONLY_ACTIVE_ARCH = YES;
				SDKROOT = iphoneos;
				SWIFT_ACTIVE_COMPILATION_CONDITIONS = DEBUG;
				SWIFT_OPTIMIZATION_LEVEL = "-Onone";
			};
			name = Debug;
		};
		940B672C22DC59B8002E4D0B /* Release */ = {
			isa = XCBuildConfiguration;
			buildSettings = {
				ALWAYS_SEARCH_USER_PATHS = NO;
				CLANG_ANALYZER_NONNULL = YES;
				CLANG_ANALYZER_NUMBER_OBJECT_CONVERSION = YES_AGGRESSIVE;
				CLANG_CXX_LANGUAGE_STANDARD = "gnu++14";
				CLANG_CXX_LIBRARY = "libc++";
				CLANG_ENABLE_MODULES = YES;
				CLANG_ENABLE_OBJC_ARC = YES;
				CLANG_ENABLE_OBJC_WEAK = YES;
				CLANG_WARN_BLOCK_CAPTURE_AUTORELEASING = YES;
				CLANG_WARN_BOOL_CONVERSION = YES;
				CLANG_WARN_COMMA = YES;
				CLANG_WARN_CONSTANT_CONVERSION = YES;
				CLANG_WARN_DEPRECATED_OBJC_IMPLEMENTATIONS = YES;
				CLANG_WARN_DIRECT_OBJC_ISA_USAGE = YES_ERROR;
				CLANG_WARN_DOCUMENTATION_COMMENTS = YES;
				CLANG_WARN_EMPTY_BODY = YES;
				CLANG_WARN_ENUM_CONVERSION = YES;
				CLANG_WARN_INFINITE_RECURSION = YES;
				CLANG_WARN_INT_CONVERSION = YES;
				CLANG_WARN_NON_LITERAL_NULL_CONVERSION = YES;
				CLANG_WARN_OBJC_IMPLICIT_RETAIN_SELF = YES;
				CLANG_WARN_OBJC_LITERAL_CONVERSION = YES;
				CLANG_WARN_OBJC_ROOT_CLASS = YES_ERROR;
				CLANG_WARN_RANGE_LOOP_ANALYSIS = YES;
				CLANG_WARN_STRICT_PROTOTYPES = YES;
				CLANG_WARN_SUSPICIOUS_MOVE = YES;
				CLANG_WARN_UNGUARDED_AVAILABILITY = YES_AGGRESSIVE;
				CLANG_WARN_UNREACHABLE_CODE = YES;
				CLANG_WARN__DUPLICATE_METHOD_MATCH = YES;
				CODE_SIGN_IDENTITY = "iPhone Developer";
				COPY_PHASE_STRIP = NO;
				DEBUG_INFORMATION_FORMAT = "dwarf-with-dsym";
				ENABLE_NS_ASSERTIONS = NO;
				ENABLE_STRICT_OBJC_MSGSEND = YES;
				GCC_C_LANGUAGE_STANDARD = gnu11;
				GCC_NO_COMMON_BLOCKS = YES;
				GCC_WARN_64_TO_32_BIT_CONVERSION = YES;
				GCC_WARN_ABOUT_RETURN_TYPE = YES_ERROR;
				GCC_WARN_UNDECLARED_SELECTOR = YES;
				GCC_WARN_UNINITIALIZED_AUTOS = YES_AGGRESSIVE;
				GCC_WARN_UNUSED_FUNCTION = YES;
				GCC_WARN_UNUSED_VARIABLE = YES;
				IPHONEOS_DEPLOYMENT_TARGET = 12.2;
				MTL_ENABLE_DEBUG_INFO = NO;
				MTL_FAST_MATH = YES;
				SDKROOT = iphoneos;
				SWIFT_COMPILATION_MODE = wholemodule;
				SWIFT_OPTIMIZATION_LEVEL = "-O";
				VALIDATE_PRODUCT = YES;
			};
			name = Release;
		};
		940B672E22DC59B8002E4D0B /* Debug */ = {
			isa = XCBuildConfiguration;
			buildSettings = {
				ASSETCATALOG_COMPILER_APPICON_NAME = AppIcon;
				CODE_SIGN_STYLE = Automatic;
				INFOPLIST_FILE = SandiCoffee/Info.plist;
				LD_RUNPATH_SEARCH_PATHS = (
					"$(inherited)",
					"@executable_path/Frameworks",
				);
				PRODUCT_BUNDLE_IDENTIFIER = com.samuellim.SandiCoffee;
				PRODUCT_NAME = "$(TARGET_NAME)";
				SWIFT_VERSION = 5.0;
				TARGETED_DEVICE_FAMILY = "1,2";
			};
			name = Debug;
		};
		940B672F22DC59B8002E4D0B /* Release */ = {
			isa = XCBuildConfiguration;
			buildSettings = {
				ASSETCATALOG_COMPILER_APPICON_NAME = AppIcon;
				CODE_SIGN_STYLE = Automatic;
				INFOPLIST_FILE = SandiCoffee/Info.plist;
				LD_RUNPATH_SEARCH_PATHS = (
					"$(inherited)",
					"@executable_path/Frameworks",
				);
				PRODUCT_BUNDLE_IDENTIFIER = com.samuellim.SandiCoffee;
				PRODUCT_NAME = "$(TARGET_NAME)";
				SWIFT_VERSION = 5.0;
				TARGETED_DEVICE_FAMILY = "1,2";
			};
			name = Release;
		};
/* End XCBuildConfiguration section */

/* Begin XCConfigurationList section */
		940B671622DC59B7002E4D0B /* Build configuration list for PBXProject "SandiCoffee" */ = {
			isa = XCConfigurationList;
			buildConfigurations = (
				940B672B22DC59B8002E4D0B /* Debug */,
				940B672C22DC59B8002E4D0B /* Release */,
			);
			defaultConfigurationIsVisible = 0;
			defaultConfigurationName = Release;
		};
		940B672D22DC59B8002E4D0B /* Build configuration list for PBXNativeTarget "SandiCoffee" */ = {
			isa = XCConfigurationList;
			buildConfigurations = (
				940B672E22DC59B8002E4D0B /* Debug */,
				940B672F22DC59B8002E4D0B /* Release */,
			);
			defaultConfigurationIsVisible = 0;
			defaultConfigurationName = Release;
		};
/* End XCConfigurationList section */
	};
	rootObject = 940B671322DC59B7002E4D0B /* Project object */;
}
